
Microsoft Visual Studio Solution File, Format Version 12.00
# Visual Studio Version 17
VisualStudioVersion = 17.1.32210.238
MinimumVisualStudioVersion = 10.0.40219.1
Project("{FAE04EC0-301F-11D3-BF4B-00C04F79EFBC}") = "CST350Milestone", "CST350Milestone.csproj", "{46C9BABC-5845-42A6-9425-F70D93DF5AE3}"
EndProject
Global
	GlobalSection(SolutionConfigurationPlatforms) = preSolution
		Debug|Any CPU = Debug|Any CPU
		Release|Any CPU = Release|Any CPU
	EndGlobalSection
	GlobalSection(ProjectConfigurationPlatforms) = postSolution
		{46C9BABC-5845-42A6-9425-F70D93DF5AE3}.Debug|Any CPU.ActiveCfg = Debug|Any CPU
		{46C9BABC-5845-42A6-9425-F70D93DF5AE3}.Debug|Any CPU.Build.0 = Debug|Any CPU
		{46C9BABC-5845-42A6-9425-F70D93DF5AE3}.Release|Any CPU.ActiveCfg = Release|Any CPU
		{46C9BABC-5845-42A6-9425-F70D93DF5AE3}.Release|Any CPU.Build.0 = Release|Any CPU
	EndGlobalSection
	GlobalSection(SolutionProperties) = preSolution
		HideSolutionNode = FALSE
	EndGlobalSection
	GlobalSection(ExtensibilityGlobals) = postSolution
		SolutionGuid = {34E43FF2-E7F8-41D2-93E6-9CE2F9A6A4CC}
	EndGlobalSection
EndGlobal
